// !$*UTF8*$!
{
	archiveVersion = 1;
	classes = {
	};
	objectVersion = 46;
	objects = {

/* Begin PBXBuildFile section */
		9808C2168AF880AF74584A6A /* libPods-ChatDesignApp.a in Frameworks */ = {isa = PBXBuildFile; fileRef = D9041A9EFA84C6B5375309C0 /* libPods-ChatDesignApp.a */; };
		DD1A31781EA8AE9000034463 /* CoreGraphics.framework in Frameworks */ = {isa = PBXBuildFile; fileRef = DD1A31771EA8AE9000034463 /* CoreGraphics.framework */; };
		DD1A317A1EA8AEA000034463 /* Foundation.framework in Frameworks */ = {isa = PBXBuildFile; fileRef = DD1A31791EA8AEA000034463 /* Foundation.framework */; };
		DD1A31871EA8BD0F00034463 /* JTSAnimatedGIFUtility.m in Sources */ = {isa = PBXBuildFile; fileRef = DD1A317C1EA8BD0F00034463 /* JTSAnimatedGIFUtility.m */; };
		DD1A31881EA8BD0F00034463 /* JTSImageInfo.m in Sources */ = {isa = PBXBuildFile; fileRef = DD1A317E1EA8BD0F00034463 /* JTSImageInfo.m */; };
		DD1A31891EA8BD0F00034463 /* JTSImageViewController.m in Sources */ = {isa = PBXBuildFile; fileRef = DD1A31801EA8BD0F00034463 /* JTSImageViewController.m */; };
		DD1A318A1EA8BD0F00034463 /* JTSSimpleImageDownloader.m in Sources */ = {isa = PBXBuildFile; fileRef = DD1A31821EA8BD0F00034463 /* JTSSimpleImageDownloader.m */; };
		DD1A318B1EA8BD0F00034463 /* UIApplication+JTSImageViewController.m in Sources */ = {isa = PBXBuildFile; fileRef = DD1A31841EA8BD0F00034463 /* UIApplication+JTSImageViewController.m */; };
		DD1A318C1EA8BD0F00034463 /* UIImage+JTSImageEffects.m in Sources */ = {isa = PBXBuildFile; fileRef = DD1A31861EA8BD0F00034463 /* UIImage+JTSImageEffects.m */; };
		DD1A32551EA9025800034463 /* emoji.json in Resources */ = {isa = PBXBuildFile; fileRef = DD1A324A1EA9025800034463 /* emoji.json */; };
		DD1A32561EA9025800034463 /* keyboard_btn_delete@2x.png in Resources */ = {isa = PBXBuildFile; fileRef = DD1A324B1EA9025800034463 /* keyboard_btn_delete@2x.png */; };
		DD1A32571EA9025800034463 /* keyboard_btn_delete@3x.png in Resources */ = {isa = PBXBuildFile; fileRef = DD1A324C1EA9025800034463 /* keyboard_btn_delete@3x.png */; };
		DD1A32581EA9025800034463 /* keyboard_preview_bg@2x.png in Resources */ = {isa = PBXBuildFile; fileRef = DD1A324D1EA9025800034463 /* keyboard_preview_bg@2x.png */; };
		DD1A32591EA9025800034463 /* keyboard_preview_bg@3x.png in Resources */ = {isa = PBXBuildFile; fileRef = DD1A324E1EA9025800034463 /* keyboard_preview_bg@3x.png */; };
		DD1A325A1EA9025800034463 /* STEmoji.m in Sources */ = {isa = PBXBuildFile; fileRef = DD1A32501EA9025800034463 /* STEmoji.m */; };
		DD1A325B1EA9025800034463 /* STEmojiCollectionView.m in Sources */ = {isa = PBXBuildFile; fileRef = DD1A32521EA9025800034463 /* STEmojiCollectionView.m */; };
		DD1A325C1EA9025800034463 /* STEmojiKeyboard.m in Sources */ = {isa = PBXBuildFile; fileRef = DD1A32541EA9025800034463 /* STEmojiKeyboard.m */; };
		DD1A32651EA902A400034463 /* btn_expression@2x.png in Resources */ = {isa = PBXBuildFile; fileRef = DD1A325F1EA902A400034463 /* btn_expression@2x.png */; };
		DD1A32661EA902A400034463 /* btn_expression@3x.png in Resources */ = {isa = PBXBuildFile; fileRef = DD1A32601EA902A400034463 /* btn_expression@3x.png */; };
		DD1A32671EA902A400034463 /* btn_keyboard@2x.png in Resources */ = {isa = PBXBuildFile; fileRef = DD1A32611EA902A400034463 /* btn_keyboard@2x.png */; };
		DD1A32681EA902A400034463 /* btn_keyboard@3x.png in Resources */ = {isa = PBXBuildFile; fileRef = DD1A32621EA902A400034463 /* btn_keyboard@3x.png */; };
		DD1C4C7E1E9B95CF008AF464 /* DemoMessageViewController.m in Sources */ = {isa = PBXBuildFile; fileRef = DD1C4C7D1E9B95CF008AF464 /* DemoMessageViewController.m */; };
		DD1C4C811E9B9E40008AF464 /* DemoModel.m in Sources */ = {isa = PBXBuildFile; fileRef = DD1C4C801E9B9E40008AF464 /* DemoModel.m */; };
		DD23DB3D1EA7F664001C71B8 /* camera.png in Resources */ = {isa = PBXBuildFile; fileRef = DD23DB3B1EA7F664001C71B8 /* camera.png */; };
		DD23DB3E1EA7F664001C71B8 /* Forma 1.png in Resources */ = {isa = PBXBuildFile; fileRef = DD23DB3C1EA7F664001C71B8 /* Forma 1.png */; };
		DD277AFC1E9CD16A0061EA2D /* GoogleService-Info.plist in Resources */ = {isa = PBXBuildFile; fileRef = DD277AFB1E9CD16A0061EA2D /* GoogleService-Info.plist */; };
		DD277AFF1E9CD1F90061EA2D /* LoginViewController.m in Sources */ = {isa = PBXBuildFile; fileRef = DD277AFE1E9CD1F90061EA2D /* LoginViewController.m */; };
		DD57AB4F1E9CF6000000B2BA /* AuthToken.m in Sources */ = {isa = PBXBuildFile; fileRef = DD57AB4C1E9CF6000000B2BA /* AuthToken.m */; };
		DD57AB501E9CF6000000B2BA /* RequestManager.m in Sources */ = {isa = PBXBuildFile; fileRef = DD57AB4E1E9CF6000000B2BA /* RequestManager.m */; };
		DD7642AA1E9B850C00DBA596 /* main.m in Sources */ = {isa = PBXBuildFile; fileRef = DD7642A91E9B850C00DBA596 /* main.m */; };
		DD7642AD1E9B850C00DBA596 /* AppDelegate.m in Sources */ = {isa = PBXBuildFile; fileRef = DD7642AC1E9B850C00DBA596 /* AppDelegate.m */; };
		DD7642B01E9B850C00DBA596 /* ViewController.m in Sources */ = {isa = PBXBuildFile; fileRef = DD7642AF1E9B850C00DBA596 /* ViewController.m */; };
		DD7642B31E9B850C00DBA596 /* Main.storyboard in Resources */ = {isa = PBXBuildFile; fileRef = DD7642B11E9B850C00DBA596 /* Main.storyboard */; };
		DD7642B51E9B850C00DBA596 /* Assets.xcassets in Resources */ = {isa = PBXBuildFile; fileRef = DD7642B41E9B850C00DBA596 /* Assets.xcassets */; };
		DD7642B81E9B850C00DBA596 /* LaunchScreen.storyboard in Resources */ = {isa = PBXBuildFile; fileRef = DD7642B61E9B850C00DBA596 /* LaunchScreen.storyboard */; };
		DDCD4E931EA61F7700B83802 /* FriendsViewController.m in Sources */ = {isa = PBXBuildFile; fileRef = DDCD4E921EA61F7700B83802 /* FriendsViewController.m */; };
		DDCD4E971EA61FEB00B83802 /* FriendsCell.m in Sources */ = {isa = PBXBuildFile; fileRef = DDCD4E951EA61FEB00B83802 /* FriendsCell.m */; };
		DDCD4E981EA61FEB00B83802 /* FriendsCell.xib in Resources */ = {isa = PBXBuildFile; fileRef = DDCD4E961EA61FEB00B83802 /* FriendsCell.xib */; };
		DDD10E2C1EAF3B650064EB64 /* ActiveFriendsTableViewCell.m in Sources */ = {isa = PBXBuildFile; fileRef = DDD10E2A1EAF3B650064EB64 /* ActiveFriendsTableViewCell.m */; };
		DDD10E2D1EAF3B650064EB64 /* ActiveFriendsTableViewCell.xib in Resources */ = {isa = PBXBuildFile; fileRef = DDD10E2B1EAF3B650064EB64 /* ActiveFriendsTableViewCell.xib */; };
		DDD10E311EAF3C400064EB64 /* ActiveFriendsCollectionViewCell.m in Sources */ = {isa = PBXBuildFile; fileRef = DDD10E2F1EAF3C400064EB64 /* ActiveFriendsCollectionViewCell.m */; };
		DDD10E321EAF3C400064EB64 /* ActiveFriendsCollectionViewCell.xib in Resources */ = {isa = PBXBuildFile; fileRef = DDD10E301EAF3C400064EB64 /* ActiveFriendsCollectionViewCell.xib */; };
		DDD10E351EAF7E890064EB64 /* FriendsContent.m in Sources */ = {isa = PBXBuildFile; fileRef = DDD10E341EAF7E890064EB64 /* FriendsContent.m */; };
		DDECF6C41EDD80E800140E77 /* FriendsListTableViewCell.m in Sources */ = {isa = PBXBuildFile; fileRef = DDECF6C21EDD80E800140E77 /* FriendsListTableViewCell.m */; };
		DDECF6C51EDD80E800140E77 /* FriendsListTableViewCell.xib in Resources */ = {isa = PBXBuildFile; fileRef = DDECF6C31EDD80E800140E77 /* FriendsListTableViewCell.xib */; };
		DDECF6C81EDD812D00140E77 /* FriendsListViewController.m in Sources */ = {isa = PBXBuildFile; fileRef = DDECF6C71EDD812D00140E77 /* FriendsListViewController.m */; };
/* End PBXBuildFile section */

/* Begin PBXCopyFilesBuildPhase section */
		DD1A32451EA8FE0700034463 /* Embed App Extensions */ = {
			isa = PBXCopyFilesBuildPhase;
			buildActionMask = 2147483647;
			dstPath = "";
			dstSubfolderSpec = 13;
			files = (
			);
			name = "Embed App Extensions";
			runOnlyForDeploymentPostprocessing = 0;
		};
/* End PBXCopyFilesBuildPhase section */

/* Begin PBXFileReference section */
		C9F4AEEE7A76837A75D2B7C4 /* Pods-ChatDesignApp.release.xcconfig */ = {isa = PBXFileReference; includeInIndex = 1; lastKnownFileType = text.xcconfig; name = "Pods-ChatDesignApp.release.xcconfig"; path = "Pods/Target Support Files/Pods-ChatDesignApp/Pods-ChatDesignApp.release.xcconfig"; sourceTree = "<group>"; };
		D9041A9EFA84C6B5375309C0 /* libPods-ChatDesignApp.a */ = {isa = PBXFileReference; explicitFileType = archive.ar; includeInIndex = 0; path = "libPods-ChatDesignApp.a"; sourceTree = BUILT_PRODUCTS_DIR; };
		DD1A31771EA8AE9000034463 /* CoreGraphics.framework */ = {isa = PBXFileReference; lastKnownFileType = wrapper.framework; name = CoreGraphics.framework; path = System/Library/Frameworks/CoreGraphics.framework; sourceTree = SDKROOT; };
		DD1A31791EA8AEA000034463 /* Foundation.framework */ = {isa = PBXFileReference; lastKnownFileType = wrapper.framework; name = Foundation.framework; path = System/Library/Frameworks/Foundation.framework; sourceTree = SDKROOT; };
		DD1A317B1EA8BD0F00034463 /* JTSAnimatedGIFUtility.h */ = {isa = PBXFileReference; fileEncoding = 4; lastKnownFileType = sourcecode.c.h; path = JTSAnimatedGIFUtility.h; sourceTree = "<group>"; };
		DD1A317C1EA8BD0F00034463 /* JTSAnimatedGIFUtility.m */ = {isa = PBXFileReference; fileEncoding = 4; lastKnownFileType = sourcecode.c.objc; path = JTSAnimatedGIFUtility.m; sourceTree = "<group>"; };
		DD1A317D1EA8BD0F00034463 /* JTSImageInfo.h */ = {isa = PBXFileReference; fileEncoding = 4; lastKnownFileType = sourcecode.c.h; path = JTSImageInfo.h; sourceTree = "<group>"; };
		DD1A317E1EA8BD0F00034463 /* JTSImageInfo.m */ = {isa = PBXFileReference; fileEncoding = 4; lastKnownFileType = sourcecode.c.objc; path = JTSImageInfo.m; sourceTree = "<group>"; };
		DD1A317F1EA8BD0F00034463 /* JTSImageViewController.h */ = {isa = PBXFileReference; fileEncoding = 4; lastKnownFileType = sourcecode.c.h; path = JTSImageViewController.h; sourceTree = "<group>"; };
		DD1A31801EA8BD0F00034463 /* JTSImageViewController.m */ = {isa = PBXFileReference; fileEncoding = 4; lastKnownFileType = sourcecode.c.objc; path = JTSImageViewController.m; sourceTree = "<group>"; };
		DD1A31811EA8BD0F00034463 /* JTSSimpleImageDownloader.h */ = {isa = PBXFileReference; fileEncoding = 4; lastKnownFileType = sourcecode.c.h; path = JTSSimpleImageDownloader.h; sourceTree = "<group>"; };
		DD1A31821EA8BD0F00034463 /* JTSSimpleImageDownloader.m */ = {isa = PBXFileReference; fileEncoding = 4; lastKnownFileType = sourcecode.c.objc; path = JTSSimpleImageDownloader.m; sourceTree = "<group>"; };
		DD1A31831EA8BD0F00034463 /* UIApplication+JTSImageViewController.h */ = {isa = PBXFileReference; fileEncoding = 4; lastKnownFileType = sourcecode.c.h; path = "UIApplication+JTSImageViewController.h"; sourceTree = "<group>"; };
		DD1A31841EA8BD0F00034463 /* UIApplication+JTSImageViewController.m */ = {isa = PBXFileReference; fileEncoding = 4; lastKnownFileType = sourcecode.c.objc; path = "UIApplication+JTSImageViewController.m"; sourceTree = "<group>"; };
		DD1A31851EA8BD0F00034463 /* UIImage+JTSImageEffects.h */ = {isa = PBXFileReference; fileEncoding = 4; lastKnownFileType = sourcecode.c.h; path = "UIImage+JTSImageEffects.h"; sourceTree = "<group>"; };
		DD1A31861EA8BD0F00034463 /* UIImage+JTSImageEffects.m */ = {isa = PBXFileReference; fileEncoding = 4; lastKnownFileType = sourcecode.c.objc; path = "UIImage+JTSImageEffects.m"; sourceTree = "<group>"; };
		DD1A32171EA8D4A100034463 /* PrefixHeader.pch */ = {isa = PBXFileReference; fileEncoding = 4; lastKnownFileType = sourcecode.c.h; name = PrefixHeader.pch; path = GZEmojiKeyboard/PrefixHeader.pch; sourceTree = "<group>"; };
		DD1A324A1EA9025800034463 /* emoji.json */ = {isa = PBXFileReference; fileEncoding = 4; lastKnownFileType = text.json; path = emoji.json; sourceTree = "<group>"; };
		DD1A324B1EA9025800034463 /* keyboard_btn_delete@2x.png */ = {isa = PBXFileReference; lastKnownFileType = image.png; path = "keyboard_btn_delete@2x.png"; sourceTree = "<group>"; };
		DD1A324C1EA9025800034463 /* keyboard_btn_delete@3x.png */ = {isa = PBXFileReference; lastKnownFileType = image.png; path = "keyboard_btn_delete@3x.png"; sourceTree = "<group>"; };
		DD1A324D1EA9025800034463 /* keyboard_preview_bg@2x.png */ = {isa = PBXFileReference; lastKnownFileType = image.png; path = "keyboard_preview_bg@2x.png"; sourceTree = "<group>"; };
		DD1A324E1EA9025800034463 /* keyboard_preview_bg@3x.png */ = {isa = PBXFileReference; lastKnownFileType = image.png; path = "keyboard_preview_bg@3x.png"; sourceTree = "<group>"; };
		DD1A324F1EA9025800034463 /* STEmoji.h */ = {isa = PBXFileReference; fileEncoding = 4; lastKnownFileType = sourcecode.c.h; path = STEmoji.h; sourceTree = "<group>"; };
		DD1A32501EA9025800034463 /* STEmoji.m */ = {isa = PBXFileReference; fileEncoding = 4; lastKnownFileType = sourcecode.c.objc; path = STEmoji.m; sourceTree = "<group>"; };
		DD1A32511EA9025800034463 /* STEmojiCollectionView.h */ = {isa = PBXFileReference; fileEncoding = 4; lastKnownFileType = sourcecode.c.h; path = STEmojiCollectionView.h; sourceTree = "<group>"; };
		DD1A32521EA9025800034463 /* STEmojiCollectionView.m */ = {isa = PBXFileReference; fileEncoding = 4; lastKnownFileType = sourcecode.c.objc; path = STEmojiCollectionView.m; sourceTree = "<group>"; };
		DD1A32531EA9025800034463 /* STEmojiKeyboard.h */ = {isa = PBXFileReference; fileEncoding = 4; lastKnownFileType = sourcecode.c.h; path = STEmojiKeyboard.h; sourceTree = "<group>"; };
		DD1A32541EA9025800034463 /* STEmojiKeyboard.m */ = {isa = PBXFileReference; fileEncoding = 4; lastKnownFileType = sourcecode.c.objc; path = STEmojiKeyboard.m; sourceTree = "<group>"; };
		DD1A325F1EA902A400034463 /* btn_expression@2x.png */ = {isa = PBXFileReference; lastKnownFileType = image.png; path = "btn_expression@2x.png"; sourceTree = "<group>"; };
		DD1A32601EA902A400034463 /* btn_expression@3x.png */ = {isa = PBXFileReference; lastKnownFileType = image.png; path = "btn_expression@3x.png"; sourceTree = "<group>"; };
		DD1A32611EA902A400034463 /* btn_keyboard@2x.png */ = {isa = PBXFileReference; lastKnownFileType = image.png; path = "btn_keyboard@2x.png"; sourceTree = "<group>"; };
		DD1A32621EA902A400034463 /* btn_keyboard@3x.png */ = {isa = PBXFileReference; lastKnownFileType = image.png; path = "btn_keyboard@3x.png"; sourceTree = "<group>"; };
		DD1C4C7C1E9B95CF008AF464 /* DemoMessageViewController.h */ = {isa = PBXFileReference; fileEncoding = 4; lastKnownFileType = sourcecode.c.h; path = DemoMessageViewController.h; sourceTree = "<group>"; };
		DD1C4C7D1E9B95CF008AF464 /* DemoMessageViewController.m */ = {isa = PBXFileReference; fileEncoding = 4; lastKnownFileType = sourcecode.c.objc; path = DemoMessageViewController.m; sourceTree = "<group>"; };
		DD1C4C7F1E9B9E40008AF464 /* DemoModel.h */ = {isa = PBXFileReference; fileEncoding = 4; lastKnownFileType = sourcecode.c.h; path = DemoModel.h; sourceTree = "<group>"; };
		DD1C4C801E9B9E40008AF464 /* DemoModel.m */ = {isa = PBXFileReference; fileEncoding = 4; lastKnownFileType = sourcecode.c.objc; path = DemoModel.m; sourceTree = "<group>"; };
		DD23DB3B1EA7F664001C71B8 /* camera.png */ = {isa = PBXFileReference; lastKnownFileType = image.png; path = camera.png; sourceTree = "<group>"; };
		DD23DB3C1EA7F664001C71B8 /* Forma 1.png */ = {isa = PBXFileReference; lastKnownFileType = image.png; path = "Forma 1.png"; sourceTree = "<group>"; };
		DD277AFB1E9CD16A0061EA2D /* GoogleService-Info.plist */ = {isa = PBXFileReference; fileEncoding = 4; lastKnownFileType = text.plist.xml; path = "GoogleService-Info.plist"; sourceTree = "<group>"; };
		DD277AFD1E9CD1F90061EA2D /* LoginViewController.h */ = {isa = PBXFileReference; fileEncoding = 4; lastKnownFileType = sourcecode.c.h; path = LoginViewController.h; sourceTree = "<group>"; };
		DD277AFE1E9CD1F90061EA2D /* LoginViewController.m */ = {isa = PBXFileReference; fileEncoding = 4; lastKnownFileType = sourcecode.c.objc; path = LoginViewController.m; sourceTree = "<group>"; };
		DD57AB4B1E9CF6000000B2BA /* AuthToken.h */ = {isa = PBXFileReference; fileEncoding = 4; lastKnownFileType = sourcecode.c.h; path = AuthToken.h; sourceTree = "<group>"; };
		DD57AB4C1E9CF6000000B2BA /* AuthToken.m */ = {isa = PBXFileReference; fileEncoding = 4; lastKnownFileType = sourcecode.c.objc; path = AuthToken.m; sourceTree = "<group>"; };
		DD57AB4D1E9CF6000000B2BA /* RequestManager.h */ = {isa = PBXFileReference; fileEncoding = 4; lastKnownFileType = sourcecode.c.h; path = RequestManager.h; sourceTree = "<group>"; };
		DD57AB4E1E9CF6000000B2BA /* RequestManager.m */ = {isa = PBXFileReference; fileEncoding = 4; lastKnownFileType = sourcecode.c.objc; path = RequestManager.m; sourceTree = "<group>"; };
		DD7642A51E9B850C00DBA596 /* ChatDesignApp.app */ = {isa = PBXFileReference; explicitFileType = wrapper.application; includeInIndex = 0; path = ChatDesignApp.app; sourceTree = BUILT_PRODUCTS_DIR; };
		DD7642A91E9B850C00DBA596 /* main.m */ = {isa = PBXFileReference; lastKnownFileType = sourcecode.c.objc; path = main.m; sourceTree = "<group>"; };
		DD7642AB1E9B850C00DBA596 /* AppDelegate.h */ = {isa = PBXFileReference; lastKnownFileType = sourcecode.c.h; path = AppDelegate.h; sourceTree = "<group>"; };
		DD7642AC1E9B850C00DBA596 /* AppDelegate.m */ = {isa = PBXFileReference; lastKnownFileType = sourcecode.c.objc; path = AppDelegate.m; sourceTree = "<group>"; };
		DD7642AE1E9B850C00DBA596 /* ViewController.h */ = {isa = PBXFileReference; lastKnownFileType = sourcecode.c.h; path = ViewController.h; sourceTree = "<group>"; };
		DD7642AF1E9B850C00DBA596 /* ViewController.m */ = {isa = PBXFileReference; lastKnownFileType = sourcecode.c.objc; path = ViewController.m; sourceTree = "<group>"; };
		DD7642B21E9B850C00DBA596 /* Base */ = {isa = PBXFileReference; lastKnownFileType = file.storyboard; name = Base; path = Base.lproj/Main.storyboard; sourceTree = "<group>"; };
		DD7642B41E9B850C00DBA596 /* Assets.xcassets */ = {isa = PBXFileReference; lastKnownFileType = folder.assetcatalog; path = Assets.xcassets; sourceTree = "<group>"; };
		DD7642B71E9B850C00DBA596 /* Base */ = {isa = PBXFileReference; lastKnownFileType = file.storyboard; name = Base; path = Base.lproj/LaunchScreen.storyboard; sourceTree = "<group>"; };
		DD7642B91E9B850C00DBA596 /* Info.plist */ = {isa = PBXFileReference; lastKnownFileType = text.plist.xml; path = Info.plist; sourceTree = "<group>"; };
		DDCD4E911EA61F7700B83802 /* FriendsViewController.h */ = {isa = PBXFileReference; fileEncoding = 4; lastKnownFileType = sourcecode.c.h; path = FriendsViewController.h; sourceTree = "<group>"; };
		DDCD4E921EA61F7700B83802 /* FriendsViewController.m */ = {isa = PBXFileReference; fileEncoding = 4; lastKnownFileType = sourcecode.c.objc; path = FriendsViewController.m; sourceTree = "<group>"; };
		DDCD4E941EA61FEB00B83802 /* FriendsCell.h */ = {isa = PBXFileReference; fileEncoding = 4; lastKnownFileType = sourcecode.c.h; path = FriendsCell.h; sourceTree = "<group>"; };
		DDCD4E951EA61FEB00B83802 /* FriendsCell.m */ = {isa = PBXFileReference; fileEncoding = 4; lastKnownFileType = sourcecode.c.objc; path = FriendsCell.m; sourceTree = "<group>"; };
		DDCD4E961EA61FEB00B83802 /* FriendsCell.xib */ = {isa = PBXFileReference; fileEncoding = 4; lastKnownFileType = file.xib; path = FriendsCell.xib; sourceTree = "<group>"; };
		DDD10E291EAF3B650064EB64 /* ActiveFriendsTableViewCell.h */ = {isa = PBXFileReference; fileEncoding = 4; lastKnownFileType = sourcecode.c.h; path = ActiveFriendsTableViewCell.h; sourceTree = "<group>"; };
		DDD10E2A1EAF3B650064EB64 /* ActiveFriendsTableViewCell.m */ = {isa = PBXFileReference; fileEncoding = 4; lastKnownFileType = sourcecode.c.objc; path = ActiveFriendsTableViewCell.m; sourceTree = "<group>"; };
		DDD10E2B1EAF3B650064EB64 /* ActiveFriendsTableViewCell.xib */ = {isa = PBXFileReference; fileEncoding = 4; lastKnownFileType = file.xib; path = ActiveFriendsTableViewCell.xib; sourceTree = "<group>"; };
		DDD10E2E1EAF3C400064EB64 /* ActiveFriendsCollectionViewCell.h */ = {isa = PBXFileReference; fileEncoding = 4; lastKnownFileType = sourcecode.c.h; path = ActiveFriendsCollectionViewCell.h; sourceTree = "<group>"; };
		DDD10E2F1EAF3C400064EB64 /* ActiveFriendsCollectionViewCell.m */ = {isa = PBXFileReference; fileEncoding = 4; lastKnownFileType = sourcecode.c.objc; path = ActiveFriendsCollectionViewCell.m; sourceTree = "<group>"; };
		DDD10E301EAF3C400064EB64 /* ActiveFriendsCollectionViewCell.xib */ = {isa = PBXFileReference; fileEncoding = 4; lastKnownFileType = file.xib; path = ActiveFriendsCollectionViewCell.xib; sourceTree = "<group>"; };
		DDD10E331EAF7E890064EB64 /* FriendsContent.h */ = {isa = PBXFileReference; fileEncoding = 4; lastKnownFileType = sourcecode.c.h; path = FriendsContent.h; sourceTree = "<group>"; };
		DDD10E341EAF7E890064EB64 /* FriendsContent.m */ = {isa = PBXFileReference; fileEncoding = 4; lastKnownFileType = sourcecode.c.objc; path = FriendsContent.m; sourceTree = "<group>"; };
		DDECF6C11EDD80E800140E77 /* FriendsListTableViewCell.h */ = {isa = PBXFileReference; fileEncoding = 4; lastKnownFileType = sourcecode.c.h; path = FriendsListTableViewCell.h; sourceTree = "<group>"; };
		DDECF6C21EDD80E800140E77 /* FriendsListTableViewCell.m */ = {isa = PBXFileReference; fileEncoding = 4; lastKnownFileType = sourcecode.c.objc; path = FriendsListTableViewCell.m; sourceTree = "<group>"; };
		DDECF6C31EDD80E800140E77 /* FriendsListTableViewCell.xib */ = {isa = PBXFileReference; fileEncoding = 4; lastKnownFileType = file.xib; path = FriendsListTableViewCell.xib; sourceTree = "<group>"; };
		DDECF6C61EDD812D00140E77 /* FriendsListViewController.h */ = {isa = PBXFileReference; fileEncoding = 4; lastKnownFileType = sourcecode.c.h; path = FriendsListViewController.h; sourceTree = "<group>"; };
		DDECF6C71EDD812D00140E77 /* FriendsListViewController.m */ = {isa = PBXFileReference; fileEncoding = 4; lastKnownFileType = sourcecode.c.objc; path = FriendsListViewController.m; sourceTree = "<group>"; };
		FF47516AF3AC40ED6B44CB9C /* Pods-ChatDesignApp.debug.xcconfig */ = {isa = PBXFileReference; includeInIndex = 1; lastKnownFileType = text.xcconfig; name = "Pods-ChatDesignApp.debug.xcconfig"; path = "Pods/Target Support Files/Pods-ChatDesignApp/Pods-ChatDesignApp.debug.xcconfig"; sourceTree = "<group>"; };
/* End PBXFileReference section */

/* Begin PBXFrameworksBuildPhase section */
		DD7642A21E9B850C00DBA596 /* Frameworks */ = {
			isa = PBXFrameworksBuildPhase;
			buildActionMask = 2147483647;
			files = (
				DD1A317A1EA8AEA000034463 /* Foundation.framework in Frameworks */,
				DD1A31781EA8AE9000034463 /* CoreGraphics.framework in Frameworks */,
				9808C2168AF880AF74584A6A /* libPods-ChatDesignApp.a in Frameworks */,
			);
			runOnlyForDeploymentPostprocessing = 0;
		};
/* End PBXFrameworksBuildPhase section */

/* Begin PBXGroup section */
		4EE2BF78B925CEECD4B60581 /* Frameworks */ = {
			isa = PBXGroup;
			children = (
				DD1A31791EA8AEA000034463 /* Foundation.framework */,
				DD1A31771EA8AE9000034463 /* CoreGraphics.framework */,
				D9041A9EFA84C6B5375309C0 /* libPods-ChatDesignApp.a */,
			);
			name = Frameworks;
			sourceTree = "<group>";
		};
		DD1A316E1EA8ADD800034463 /* ZoomImage */ = {
			isa = PBXGroup;
			children = (
				DD1A317B1EA8BD0F00034463 /* JTSAnimatedGIFUtility.h */,
				DD1A317C1EA8BD0F00034463 /* JTSAnimatedGIFUtility.m */,
				DD1A317D1EA8BD0F00034463 /* JTSImageInfo.h */,
				DD1A317E1EA8BD0F00034463 /* JTSImageInfo.m */,
				DD1A317F1EA8BD0F00034463 /* JTSImageViewController.h */,
				DD1A31801EA8BD0F00034463 /* JTSImageViewController.m */,
				DD1A31811EA8BD0F00034463 /* JTSSimpleImageDownloader.h */,
				DD1A31821EA8BD0F00034463 /* JTSSimpleImageDownloader.m */,
				DD1A31831EA8BD0F00034463 /* UIApplication+JTSImageViewController.h */,
				DD1A31841EA8BD0F00034463 /* UIApplication+JTSImageViewController.m */,
				DD1A31851EA8BD0F00034463 /* UIImage+JTSImageEffects.h */,
				DD1A31861EA8BD0F00034463 /* UIImage+JTSImageEffects.m */,
			);
			path = ZoomImage;
			sourceTree = "<group>";
		};
		DD1A32481EA9025800034463 /* emoji keyboard */ = {
			isa = PBXGroup;
			children = (
				DD1A325D1EA902A400034463 /* input bar */,
				DD1A32491EA9025800034463 /* resource */,
				DD1A324F1EA9025800034463 /* STEmoji.h */,
				DD1A32501EA9025800034463 /* STEmoji.m */,
				DD1A32511EA9025800034463 /* STEmojiCollectionView.h */,
				DD1A32521EA9025800034463 /* STEmojiCollectionView.m */,
				DD1A32531EA9025800034463 /* STEmojiKeyboard.h */,
				DD1A32541EA9025800034463 /* STEmojiKeyboard.m */,
			);
			path = "emoji keyboard";
			sourceTree = "<group>";
		};
		DD1A32491EA9025800034463 /* resource */ = {
			isa = PBXGroup;
			children = (
				DD1A324A1EA9025800034463 /* emoji.json */,
				DD1A324B1EA9025800034463 /* keyboard_btn_delete@2x.png */,
				DD1A324C1EA9025800034463 /* keyboard_btn_delete@3x.png */,
				DD1A324D1EA9025800034463 /* keyboard_preview_bg@2x.png */,
				DD1A324E1EA9025800034463 /* keyboard_preview_bg@3x.png */,
			);
			path = resource;
			sourceTree = "<group>";
		};
		DD1A325D1EA902A400034463 /* input bar */ = {
			isa = PBXGroup;
			children = (
				DD1A325E1EA902A400034463 /* res */,
			);
			path = "input bar";
			sourceTree = "<group>";
		};
		DD1A325E1EA902A400034463 /* res */ = {
			isa = PBXGroup;
			children = (
				DD1A325F1EA902A400034463 /* btn_expression@2x.png */,
				DD1A32601EA902A400034463 /* btn_expression@3x.png */,
				DD1A32611EA902A400034463 /* btn_keyboard@2x.png */,
				DD1A32621EA902A400034463 /* btn_keyboard@3x.png */,
			);
			path = res;
			sourceTree = "<group>";
		};
		DD2322BB1E9E17DD00CED41B /* RequestManager */ = {
			isa = PBXGroup;
			children = (
				DD57AB4B1E9CF6000000B2BA /* AuthToken.h */,
				DD57AB4C1E9CF6000000B2BA /* AuthToken.m */,
				DD57AB4D1E9CF6000000B2BA /* RequestManager.h */,
				DD57AB4E1E9CF6000000B2BA /* RequestManager.m */,
			);
			name = RequestManager;
			sourceTree = "<group>";
		};
		DD2322BC1E9E17E900CED41B /* LoginController */ = {
			isa = PBXGroup;
			children = (
				DD277AFD1E9CD1F90061EA2D /* LoginViewController.h */,
				DD277AFE1E9CD1F90061EA2D /* LoginViewController.m */,
			);
			name = LoginController;
			sourceTree = "<group>";
		};
		DD76429C1E9B850C00DBA596 = {
			isa = PBXGroup;
			children = (
				DD7642A71E9B850C00DBA596 /* ChatDesignApp */,
				DD7642A61E9B850C00DBA596 /* Products */,
				F802490694EA69E6A9701CB0 /* Pods */,
				4EE2BF78B925CEECD4B60581 /* Frameworks */,
			);
			sourceTree = "<group>";
		};
		DD7642A61E9B850C00DBA596 /* Products */ = {
			isa = PBXGroup;
			children = (
				DD7642A51E9B850C00DBA596 /* ChatDesignApp.app */,
			);
			name = Products;
			sourceTree = "<group>";
		};
		DD7642A71E9B850C00DBA596 /* ChatDesignApp */ = {
			isa = PBXGroup;
			children = (
				DDECF6B81EDD807700140E77 /* FriendsList */,
				DD1A32481EA9025800034463 /* emoji keyboard */,
				DD1A316E1EA8ADD800034463 /* ZoomImage */,
				DD2322BB1E9E17DD00CED41B /* RequestManager */,
				DD2322BC1E9E17E900CED41B /* LoginController */,
				DD9934FA1E9B852200AA9F37 /* ChatTimeLine */,
				DDCD4E901EA61F5200B83802 /* FriendsTableView */,
				DD7642AB1E9B850C00DBA596 /* AppDelegate.h */,
				DD7642AC1E9B850C00DBA596 /* AppDelegate.m */,
				DD7642AE1E9B850C00DBA596 /* ViewController.h */,
				DD7642AF1E9B850C00DBA596 /* ViewController.m */,
				DD7642B11E9B850C00DBA596 /* Main.storyboard */,
				DD7642B41E9B850C00DBA596 /* Assets.xcassets */,
				DD7642B61E9B850C00DBA596 /* LaunchScreen.storyboard */,
				DD7642B91E9B850C00DBA596 /* Info.plist */,
				DD277AFB1E9CD16A0061EA2D /* GoogleService-Info.plist */,
				DD1A32171EA8D4A100034463 /* PrefixHeader.pch */,
				DD7642A81E9B850C00DBA596 /* Supporting Files */,
			);
			path = ChatDesignApp;
			sourceTree = "<group>";
		};
		DD7642A81E9B850C00DBA596 /* Supporting Files */ = {
			isa = PBXGroup;
			children = (
				DD7642A91E9B850C00DBA596 /* main.m */,
			);
			name = "Supporting Files";
			sourceTree = "<group>";
		};
		DD9934FA1E9B852200AA9F37 /* ChatTimeLine */ = {
			isa = PBXGroup;
			children = (
				DD23DB3B1EA7F664001C71B8 /* camera.png */,
				DD23DB3C1EA7F664001C71B8 /* Forma 1.png */,
				DD1C4C7C1E9B95CF008AF464 /* DemoMessageViewController.h */,
				DD1C4C7D1E9B95CF008AF464 /* DemoMessageViewController.m */,
				DD1C4C7F1E9B9E40008AF464 /* DemoModel.h */,
				DD1C4C801E9B9E40008AF464 /* DemoModel.m */,
			);
			name = ChatTimeLine;
			sourceTree = "<group>";
		};
		DDCD4E901EA61F5200B83802 /* FriendsTableView */ = {
			isa = PBXGroup;
			children = (
				DDD10E201EAF39F50064EB64 /* RecentFriends */,
				DDD10E1F1EAF39E60064EB64 /* ActiveFriends */,
				DDCD4E911EA61F7700B83802 /* FriendsViewController.h */,
				DDCD4E921EA61F7700B83802 /* FriendsViewController.m */,
				DDD10E331EAF7E890064EB64 /* FriendsContent.h */,
				DDD10E341EAF7E890064EB64 /* FriendsContent.m */,
			);
			name = FriendsTableView;
			sourceTree = "<group>";
		};
		DDD10E1F1EAF39E60064EB64 /* ActiveFriends */ = {
			isa = PBXGroup;
			children = (
				DDD10E291EAF3B650064EB64 /* ActiveFriendsTableViewCell.h */,
				DDD10E2A1EAF3B650064EB64 /* ActiveFriendsTableViewCell.m */,
				DDD10E2B1EAF3B650064EB64 /* ActiveFriendsTableViewCell.xib */,
				DDD10E2E1EAF3C400064EB64 /* ActiveFriendsCollectionViewCell.h */,
				DDD10E2F1EAF3C400064EB64 /* ActiveFriendsCollectionViewCell.m */,
				DDD10E301EAF3C400064EB64 /* ActiveFriendsCollectionViewCell.xib */,
			);
			name = ActiveFriends;
			sourceTree = "<group>";
		};
		DDD10E201EAF39F50064EB64 /* RecentFriends */ = {
			isa = PBXGroup;
			children = (
				DDCD4E941EA61FEB00B83802 /* FriendsCell.h */,
				DDCD4E951EA61FEB00B83802 /* FriendsCell.m */,
				DDCD4E961EA61FEB00B83802 /* FriendsCell.xib */,
			);
			name = RecentFriends;
			sourceTree = "<group>";
		};
		DDECF6B81EDD807700140E77 /* FriendsList */ = {
			isa = PBXGroup;
			children = (
				DDECF6C91EDD813300140E77 /* FriendsListViewController */,
				DDECF6C11EDD80E800140E77 /* FriendsListTableViewCell.h */,
				DDECF6C21EDD80E800140E77 /* FriendsListTableViewCell.m */,
				DDECF6C31EDD80E800140E77 /* FriendsListTableViewCell.xib */,
			);
			name = FriendsList;
			sourceTree = "<group>";
		};
		DDECF6C91EDD813300140E77 /* FriendsListViewController */ = {
			isa = PBXGroup;
			children = (
				DDECF6C61EDD812D00140E77 /* FriendsListViewController.h */,
				DDECF6C71EDD812D00140E77 /* FriendsListViewController.m */,
			);
			name = FriendsListViewController;
			sourceTree = "<group>";
		};
		F802490694EA69E6A9701CB0 /* Pods */ = {
			isa = PBXGroup;
			children = (
				FF47516AF3AC40ED6B44CB9C /* Pods-ChatDesignApp.debug.xcconfig */,
				C9F4AEEE7A76837A75D2B7C4 /* Pods-ChatDesignApp.release.xcconfig */,
			);
			name = Pods;
			sourceTree = "<group>";
		};
/* End PBXGroup section */

/* Begin PBXNativeTarget section */
		DD7642A41E9B850C00DBA596 /* ChatDesignApp */ = {
			isa = PBXNativeTarget;
			buildConfigurationList = DD7642BC1E9B850C00DBA596 /* Build configuration list for PBXNativeTarget "ChatDesignApp" */;
			buildPhases = (
				B68E034CB992884692A91650 /* [CP] Check Pods Manifest.lock */,
				DD7642A11E9B850C00DBA596 /* Sources */,
				DD7642A21E9B850C00DBA596 /* Frameworks */,
				DD7642A31E9B850C00DBA596 /* Resources */,
				F8C8BEAC9CC904EF6F0F9B1B /* [CP] Embed Pods Frameworks */,
				8C94B0CA6570460A52D03361 /* [CP] Copy Pods Resources */,
				DD1A32451EA8FE0700034463 /* Embed App Extensions */,
			);
			buildRules = (
			);
			dependencies = (
			);
			name = ChatDesignApp;
			productName = ChatDesignApp;
			productReference = DD7642A51E9B850C00DBA596 /* ChatDesignApp.app */;
			productType = "com.apple.product-type.application";
		};
/* End PBXNativeTarget section */

/* Begin PBXProject section */
		DD76429D1E9B850C00DBA596 /* Project object */ = {
			isa = PBXProject;
			attributes = {
				LastUpgradeCheck = 0830;
				ORGANIZATIONNAME = Vadim;
				TargetAttributes = {
					DD7642A41E9B850C00DBA596 = {
						CreatedOnToolsVersion = 8.3.1;
						DevelopmentTeam = 34R34E8FHV;
						ProvisioningStyle = Automatic;
					};
				};
			};
			buildConfigurationList = DD7642A01E9B850C00DBA596 /* Build configuration list for PBXProject "ChatDesignApp" */;
			compatibilityVersion = "Xcode 3.2";
			developmentRegion = English;
			hasScannedForEncodings = 0;
			knownRegions = (
				en,
				Base,
			);
			mainGroup = DD76429C1E9B850C00DBA596;
			productRefGroup = DD7642A61E9B850C00DBA596 /* Products */;
			projectDirPath = "";
			projectRoot = "";
			targets = (
				DD7642A41E9B850C00DBA596 /* ChatDesignApp */,
			);
		};
/* End PBXProject section */

/* Begin PBXResourcesBuildPhase section */
		DD7642A31E9B850C00DBA596 /* Resources */ = {
			isa = PBXResourcesBuildPhase;
			buildActionMask = 2147483647;
			files = (
				DDD10E321EAF3C400064EB64 /* ActiveFriendsCollectionViewCell.xib in Resources */,
				DD7642B81E9B850C00DBA596 /* LaunchScreen.storyboard in Resources */,
				DD277AFC1E9CD16A0061EA2D /* GoogleService-Info.plist in Resources */,
				DD1A32591EA9025800034463 /* keyboard_preview_bg@3x.png in Resources */,
				DD1A32571EA9025800034463 /* keyboard_btn_delete@3x.png in Resources */,
				DD1A32581EA9025800034463 /* keyboard_preview_bg@2x.png in Resources */,
				DD1A32551EA9025800034463 /* emoji.json in Resources */,
				DD1A32661EA902A400034463 /* btn_expression@3x.png in Resources */,
				DD7642B51E9B850C00DBA596 /* Assets.xcassets in Resources */,
				DD1A32671EA902A400034463 /* btn_keyboard@2x.png in Resources */,
				DDCD4E981EA61FEB00B83802 /* FriendsCell.xib in Resources */,
				DD23DB3D1EA7F664001C71B8 /* camera.png in Resources */,
				DD1A32651EA902A400034463 /* btn_expression@2x.png in Resources */,
				DD1A32561EA9025800034463 /* keyboard_btn_delete@2x.png in Resources */,
				DDD10E2D1EAF3B650064EB64 /* ActiveFriendsTableViewCell.xib in Resources */,
				DD1A32681EA902A400034463 /* btn_keyboard@3x.png in Resources */,
				DD23DB3E1EA7F664001C71B8 /* Forma 1.png in Resources */,
				DDECF6C51EDD80E800140E77 /* FriendsListTableViewCell.xib in Resources */,
				DD7642B31E9B850C00DBA596 /* Main.storyboard in Resources */,
			);
			runOnlyForDeploymentPostprocessing = 0;
		};
/* End PBXResourcesBuildPhase section */

/* Begin PBXShellScriptBuildPhase section */
		8C94B0CA6570460A52D03361 /* [CP] Copy Pods Resources */ = {
			isa = PBXShellScriptBuildPhase;
			buildActionMask = 2147483647;
			files = (
			);
			inputPaths = (
			);
			name = "[CP] Copy Pods Resources";
			outputPaths = (
			);
			runOnlyForDeploymentPostprocessing = 0;
			shellPath = /bin/sh;
			shellScript = "\"${SRCROOT}/Pods/Target Support Files/Pods-ChatDesignApp/Pods-ChatDesignApp-resources.sh\"\n";
			showEnvVarsInLog = 0;
		};
		B68E034CB992884692A91650 /* [CP] Check Pods Manifest.lock */ = {
			isa = PBXShellScriptBuildPhase;
			buildActionMask = 2147483647;
			files = (
			);
			inputPaths = (
			);
			name = "[CP] Check Pods Manifest.lock";
			outputPaths = (
			);
			runOnlyForDeploymentPostprocessing = 0;
			shellPath = /bin/sh;
			shellScript = "diff \"${PODS_ROOT}/../Podfile.lock\" \"${PODS_ROOT}/Manifest.lock\" > /dev/null\nif [ $? != 0 ] ; then\n    # print error to STDERR\n    echo \"error: The sandbox is not in sync with the Podfile.lock. Run 'pod install' or update your CocoaPods installation.\" >&2\n    exit 1\nfi\n";
			showEnvVarsInLog = 0;
		};
		F8C8BEAC9CC904EF6F0F9B1B /* [CP] Embed Pods Frameworks */ = {
			isa = PBXShellScriptBuildPhase;
			buildActionMask = 2147483647;
			files = (
			);
			inputPaths = (
			);
			name = "[CP] Embed Pods Frameworks";
			outputPaths = (
			);
			runOnlyForDeploymentPostprocessing = 0;
			shellPath = /bin/sh;
			shellScript = "\"${SRCROOT}/Pods/Target Support Files/Pods-ChatDesignApp/Pods-ChatDesignApp-frameworks.sh\"\n";
			showEnvVarsInLog = 0;
		};
/* End PBXShellScriptBuildPhase section */

/* Begin PBXSourcesBuildPhase section */
		DD7642A11E9B850C00DBA596 /* Sources */ = {
			isa = PBXSourcesBuildPhase;
			buildActionMask = 2147483647;
			files = (
				DD7642B01E9B850C00DBA596 /* ViewController.m in Sources */,
				DDD10E351EAF7E890064EB64 /* FriendsContent.m in Sources */,
				DDCD4E971EA61FEB00B83802 /* FriendsCell.m in Sources */,
				DD7642AD1E9B850C00DBA596 /* AppDelegate.m in Sources */,
				DD57AB4F1E9CF6000000B2BA /* AuthToken.m in Sources */,
				DD1A318C1EA8BD0F00034463 /* UIImage+JTSImageEffects.m in Sources */,
				DDD10E2C1EAF3B650064EB64 /* ActiveFriendsTableViewCell.m in Sources */,
				DDCD4E931EA61F7700B83802 /* FriendsViewController.m in Sources */,
				DDD10E311EAF3C400064EB64 /* ActiveFriendsCollectionViewCell.m in Sources */,
				DD1A31891EA8BD0F00034463 /* JTSImageViewController.m in Sources */,
				DD1A31881EA8BD0F00034463 /* JTSImageInfo.m in Sources */,
				DD277AFF1E9CD1F90061EA2D /* LoginViewController.m in Sources */,
				DDECF6C81EDD812D00140E77 /* FriendsListViewController.m in Sources */,
				DD1A318A1EA8BD0F00034463 /* JTSSimpleImageDownloader.m in Sources */,
				DD1A325B1EA9025800034463 /* STEmojiCollectionView.m in Sources */,
				DD1A325A1EA9025800034463 /* STEmoji.m in Sources */,
				DD1A31871EA8BD0F00034463 /* JTSAnimatedGIFUtility.m in Sources */,
				DD1A325C1EA9025800034463 /* STEmojiKeyboard.m in Sources */,
				DD7642AA1E9B850C00DBA596 /* main.m in Sources */,
				DD1C4C811E9B9E40008AF464 /* DemoModel.m in Sources */,
				DD1C4C7E1E9B95CF008AF464 /* DemoMessageViewController.m in Sources */,
				DDECF6C41EDD80E800140E77 /* FriendsListTableViewCell.m in Sources */,
				DD1A318B1EA8BD0F00034463 /* UIApplication+JTSImageViewController.m in Sources */,
				DD57AB501E9CF6000000B2BA /* RequestManager.m in Sources */,
			);
			runOnlyForDeploymentPostprocessing = 0;
		};
/* End PBXSourcesBuildPhase section */

/* Begin PBXVariantGroup section */
		DD7642B11E9B850C00DBA596 /* Main.storyboard */ = {
			isa = PBXVariantGroup;
			children = (
				DD7642B21E9B850C00DBA596 /* Base */,
			);
			name = Main.storyboard;
			sourceTree = "<group>";
		};
		DD7642B61E9B850C00DBA596 /* LaunchScreen.storyboard */ = {
			isa = PBXVariantGroup;
			children = (
				DD7642B71E9B850C00DBA596 /* Base */,
			);
			name = LaunchScreen.storyboard;
			sourceTree = "<group>";
		};
/* End PBXVariantGroup section */

/* Begin XCBuildConfiguration section */
		DD7642BA1E9B850C00DBA596 /* Debug */ = {
			isa = XCBuildConfiguration;
			buildSettings = {
				ALWAYS_SEARCH_USER_PATHS = NO;
				CLANG_ANALYZER_NONNULL = YES;
				CLANG_ANALYZER_NUMBER_OBJECT_CONVERSION = YES_AGGRESSIVE;
				CLANG_CXX_LANGUAGE_STANDARD = "gnu++0x";
				CLANG_CXX_LIBRARY = "libc++";
				CLANG_ENABLE_MODULES = YES;
				CLANG_ENABLE_OBJC_ARC = YES;
				CLANG_WARN_BOOL_CONVERSION = YES;
				CLANG_WARN_CONSTANT_CONVERSION = YES;
				CLANG_WARN_DIRECT_OBJC_ISA_USAGE = YES_ERROR;
				CLANG_WARN_DOCUMENTATION_COMMENTS = YES;
				CLANG_WARN_EMPTY_BODY = YES;
				CLANG_WARN_ENUM_CONVERSION = YES;
				CLANG_WARN_INFINITE_RECURSION = YES;
				CLANG_WARN_INT_CONVERSION = YES;
				CLANG_WARN_OBJC_ROOT_CLASS = YES_ERROR;
				CLANG_WARN_SUSPICIOUS_MOVE = YES;
				CLANG_WARN_UNREACHABLE_CODE = YES;
				CLANG_WARN__DUPLICATE_METHOD_MATCH = YES;
				"CODE_SIGN_IDENTITY[sdk=iphoneos*]" = "iPhone Developer";
				COPY_PHASE_STRIP = NO;
				DEBUG_INFORMATION_FORMAT = dwarf;
				ENABLE_STRICT_OBJC_MSGSEND = YES;
				ENABLE_TESTABILITY = YES;
				GCC_C_LANGUAGE_STANDARD = gnu99;
				GCC_DYNAMIC_NO_PIC = NO;
				GCC_NO_COMMON_BLOCKS = YES;
				GCC_OPTIMIZATION_LEVEL = 0;
				GCC_PREPROCESSOR_DEFINITIONS = (
					"DEBUG=1",
					"$(inherited)",
				);
				GCC_WARN_64_TO_32_BIT_CONVERSION = YES;
				GCC_WARN_ABOUT_RETURN_TYPE = YES_ERROR;
				GCC_WARN_UNDECLARED_SELECTOR = YES;
				GCC_WARN_UNINITIALIZED_AUTOS = YES_AGGRESSIVE;
				GCC_WARN_UNUSED_FUNCTION = YES;
				GCC_WARN_UNUSED_VARIABLE = YES;
				IPHONEOS_DEPLOYMENT_TARGET = 10.3;
				MTL_ENABLE_DEBUG_INFO = YES;
				ONLY_ACTIVE_ARCH = YES;
				SDKROOT = iphoneos;
			};
			name = Debug;
		};
		DD7642BB1E9B850C00DBA596 /* Release */ = {
			isa = XCBuildConfiguration;
			buildSettings = {
				ALWAYS_SEARCH_USER_PATHS = NO;
				CLANG_ANALYZER_NONNULL = YES;
				CLANG_ANALYZER_NUMBER_OBJECT_CONVERSION = YES_AGGRESSIVE;
				CLANG_CXX_LANGUAGE_STANDARD = "gnu++0x";
				CLANG_CXX_LIBRARY = "libc++";
				CLANG_ENABLE_MODULES = YES;
				CLANG_ENABLE_OBJC_ARC = YES;
				CLANG_WARN_BOOL_CONVERSION = YES;
				CLANG_WARN_CONSTANT_CONVERSION = YES;
				CLANG_WARN_DIRECT_OBJC_ISA_USAGE = YES_ERROR;
				CLANG_WARN_DOCUMENTATION_COMMENTS = YES;
				CLANG_WARN_EMPTY_BODY = YES;
				CLANG_WARN_ENUM_CONVERSION = YES;
				CLANG_WARN_INFINITE_RECURSION = YES;
				CLANG_WARN_INT_CONVERSION = YES;
				CLANG_WARN_OBJC_ROOT_CLASS = YES_ERROR;
				CLANG_WARN_SUSPICIOUS_MOVE = YES;
				CLANG_WARN_UNREACHABLE_CODE = YES;
				CLANG_WARN__DUPLICATE_METHOD_MATCH = YES;
				"CODE_SIGN_IDENTITY[sdk=iphoneos*]" = "iPhone Developer";
				COPY_PHASE_STRIP = NO;
				DEBUG_INFORMATION_FORMAT = "dwarf-with-dsym";
				ENABLE_NS_ASSERTIONS = NO;
				ENABLE_STRICT_OBJC_MSGSEND = YES;
				GCC_C_LANGUAGE_STANDARD = gnu99;
				GCC_NO_COMMON_BLOCKS = YES;
				GCC_WARN_64_TO_32_BIT_CONVERSION = YES;
				GCC_WARN_ABOUT_RETURN_TYPE = YES_ERROR;
				GCC_WARN_UNDECLARED_SELECTOR = YES;
				GCC_WARN_UNINITIALIZED_AUTOS = YES_AGGRESSIVE;
				GCC_WARN_UNUSED_FUNCTION = YES;
				GCC_WARN_UNUSED_VARIABLE = YES;
				IPHONEOS_DEPLOYMENT_TARGET = 10.3;
				MTL_ENABLE_DEBUG_INFO = NO;
				SDKROOT = iphoneos;
				VALIDATE_PRODUCT = YES;
			};
			name = Release;
		};
		DD7642BD1E9B850C00DBA596 /* Debug */ = {
			isa = XCBuildConfiguration;
			baseConfigurationReference = FF47516AF3AC40ED6B44CB9C /* Pods-ChatDesignApp.debug.xcconfig */;
			buildSettings = {
				ASSETCATALOG_COMPILER_APPICON_NAME = AppIcon;
				DEVELOPMENT_TEAM = 34R34E8FHV;
				FRAMEWORK_SEARCH_PATHS = (
					"$(inherited)",
					"$(PROJECT_DIR)",
				);
				INFOPLIST_FILE = ChatDesignApp/Info.plist;
				LD_RUNPATH_SEARCH_PATHS = "$(inherited) @executable_path/Frameworks";
				PRODUCT_BUNDLE_IDENTIFIER = com.VadimPlasiciuc.ChatDesignApp;
				PRODUCT_NAME = "$(TARGET_NAME)";
			};
			name = Debug;
		};
		DD7642BE1E9B850C00DBA596 /* Release */ = {
			isa = XCBuildConfiguration;
			baseConfigurationReference = C9F4AEEE7A76837A75D2B7C4 /* Pods-ChatDesignApp.release.xcconfig */;
			buildSettings = {
				ASSETCATALOG_COMPILER_APPICON_NAME = AppIcon;
				DEVELOPMENT_TEAM = 34R34E8FHV;
				FRAMEWORK_SEARCH_PATHS = (
					"$(inherited)",
					"$(PROJECT_DIR)",
				);
				INFOPLIST_FILE = ChatDesignApp/Info.plist;
				LD_RUNPATH_SEARCH_PATHS = "$(inherited) @executable_path/Frameworks";
				PRODUCT_BUNDLE_IDENTIFIER = com.VadimPlasiciuc.ChatDesignApp;
				PRODUCT_NAME = "$(TARGET_NAME)";
			};
			name = Release;
		};
/* End XCBuildConfiguration section */

/* Begin XCConfigurationList section */
		DD7642A01E9B850C00DBA596 /* Build configuration list for PBXProject "ChatDesignApp" */ = {
			isa = XCConfigurationList;
			buildConfigurations = (
				DD7642BA1E9B850C00DBA596 /* Debug */,
				DD7642BB1E9B850C00DBA596 /* Release */,
			);
			defaultConfigurationIsVisible = 0;
			defaultConfigurationName = Release;
		};
		DD7642BC1E9B850C00DBA596 /* Build configuration list for PBXNativeTarget "ChatDesignApp" */ = {
			isa = XCConfigurationList;
			buildConfigurations = (
				DD7642BD1E9B850C00DBA596 /* Debug */,
				DD7642BE1E9B850C00DBA596 /* Release */,
			);
			defaultConfigurationIsVisible = 0;
			defaultConfigurationName = Release;
		};
/* End XCConfigurationList section */
	};
	rootObject = DD76429D1E9B850C00DBA596 /* Project object */;
}
